Microsoft Visual Studio Solution File, Format Version 11.00
# Visual Studio 2010
Project("{FAE04EC0-301F-11D3-BF4B-00C04F79EFBC}") = "CustomDrawSeriesPoints", "CustomDrawSeriesPoints\CustomDrawSeriesPoints.csproj", "{3DA7D11D-2FEA-4E8B-A875-AE738E26822E}"
EndProject
Project("{FAE04EC0-301F-11D3-BF4B-00C04F79EFBC}") = "CustomDrawSeriesPoints.Web", "CustomDrawSeriesPoints.Web\CustomDrawSeriesPoints.Web.csproj", "{25BCCD7D-4DAF-4A2F-957D-B7F0A1FCE684}"
EndProject
Global
	GlobalSection(SolutionConfigurationPlatforms) = preSolution
		Debug|Any CPU = Debug|Any CPU
		Release|Any CPU = Release|Any CPU
	EndGlobalSection
	GlobalSection(ProjectConfigurationPlatforms) = postSolution
		{3DA7D11D-2FEA-4E8B-A875-AE738E26822E}.Debug|Any CPU.ActiveCfg = Debug|Any CPU
		{3DA7D11D-2FEA-4E8B-A875-AE738E26822E}.Debug|Any CPU.Build.0 = Debug|Any CPU
		{3DA7D11D-2FEA-4E8B-A875-AE738E26822E}.Release|Any CPU.ActiveCfg = Release|Any CPU
		{3DA7D11D-2FEA-4E8B-A875-AE738E26822E}.Release|Any CPU.Build.0 = Release|Any CPU
		{25BCCD7D-4DAF-4A2F-957D-B7F0A1FCE684}.Debug|Any CPU.ActiveCfg = Debug|Any CPU
		{25BCCD7D-4DAF-4A2F-957D-B7F0A1FCE684}.Debug|Any CPU.Build.0 = Debug|Any CPU
		{25BCCD7D-4DAF-4A2F-957D-B7F0A1FCE684}.Release|Any CPU.ActiveCfg = Release|Any CPU
		{25BCCD7D-4DAF-4A2F-957D-B7F0A1FCE684}.Release|Any CPU.Build.0 = Release|Any CPU
	EndGlobalSection
	GlobalSection(SolutionProperties) = preSolution
		HideSolutionNode = FALSE
	EndGlobalSection
EndGlobal
